
Microsoft Visual Studio Solution File, Format Version 12.00
Project("{FAE04EC0-301F-11D3-BF4B-00C04F79EFBC}") = "Neuro", "Neuro\Neuro.csproj", "{11FBC798-BAF5-4EE5-9511-BE6DB0592F99}"
EndProject
Project("{2150E333-8FDC-42A3-9474-1A3956D46DE8}") = "Solution Files", "Solution Files", "{00A9EDDE-8055-4943-A04B-421087C1C058}"
	ProjectSection(SolutionItems) = preProject
		nuget.config = nuget.config
	EndProjectSection
EndProject
Global
	GlobalSection(SolutionConfigurationPlatforms) = preSolution
		ReleaseFull|AnyCPU = ReleaseFull|AnyCPU
		ReleaseDataCollection|AnyCPU = ReleaseDataCollection|AnyCPU
		DebugFull|AnyCPU = DebugFull|AnyCPU
		DebugDataCollection|AnyCPU = DebugDataCollection|AnyCPU
	EndGlobalSection
	GlobalSection(ProjectConfigurationPlatforms) = postSolution
		{11FBC798-BAF5-4EE5-9511-BE6DB0592F99}.ReleaseFull|AnyCPU.ActiveCfg = ReleaseFull|AnyCPU
		{11FBC798-BAF5-4EE5-9511-BE6DB0592F99}.ReleaseFull|AnyCPU.Build.0 = ReleaseFull|AnyCPU
		{11FBC798-BAF5-4EE5-9511-BE6DB0592F99}.DebugFull|AnyCPU.ActiveCfg = DebugFull|AnyCPU
		{11FBC798-BAF5-4EE5-9511-BE6DB0592F99}.DebugFull|AnyCPU.Build.0 = DebugFull|AnyCPU
		{11FBC798-BAF5-4EE5-9511-BE6DB0592F99}.ReleaseDataCollection|AnyCPU.ActiveCfg = ReleaseDataCollection|AnyCPU
		{11FBC798-BAF5-4EE5-9511-BE6DB0592F99}.ReleaseDataCollection|AnyCPU.Build.0 = ReleaseDataCollection|AnyCPU
		{11FBC798-BAF5-4EE5-9511-BE6DB0592F99}.DebugDataCollection|AnyCPU.ActiveCfg = DebugDataCollection|AnyCPU
		{11FBC798-BAF5-4EE5-9511-BE6DB0592F99}.DebugDataCollection|AnyCPU.Build.0 = DebugDataCollection|AnyCPU
	EndGlobalSection
EndGlobal
